
Microsoft Visual Studio Solution File, Format Version 12.00
# Visual Studio Version 17
VisualStudioVersion = 17.10.35122.118
MinimumVisualStudioVersion = 10.0.40219.1
Project("{FAE04EC0-301F-11D3-BF4B-00C04F79EFBC}") = "CodeFirstMigrationNedir", "CodeFirstMigrationNedir\CodeFirstMigrationNedir.csproj", "{1BB4210B-7F3E-42BF-97CB-E0A51A5859A7}"
EndProject
Global
	GlobalSection(SolutionConfigurationPlatforms) = preSolution
		Debug|Any CPU = Debug|Any CPU
		Release|Any CPU = Release|Any CPU
	EndGlobalSection
	GlobalSection(ProjectConfigurationPlatforms) = postSolution
		{1BB4210B-7F3E-42BF-97CB-E0A51A5859A7}.Debug|Any CPU.ActiveCfg = Debug|Any CPU
		{1BB4210B-7F3E-42BF-97CB-E0A51A5859A7}.Debug|Any CPU.Build.0 = Debug|Any CPU
		{1BB4210B-7F3E-42BF-97CB-E0A51A5859A7}.Release|Any CPU.ActiveCfg = Release|Any CPU
		{1BB4210B-7F3E-42BF-97CB-E0A51A5859A7}.Release|Any CPU.Build.0 = Release|Any CPU
	EndGlobalSection
	GlobalSection(SolutionProperties) = preSolution
		HideSolutionNode = FALSE
	EndGlobalSection
	GlobalSection(ExtensibilityGlobals) = postSolution
		SolutionGuid = {9C2F13A5-D164-4C40-8305-B08DB1DB32B0}
	EndGlobalSection
EndGlobal
